[[package]]
category = "main"
description = "A pluggable API specification generator. Currently supports the OpenAPI Specification (f.k.a. the Swagger specification)."
name = "apispec"
optional = true
python-versions = "*"
version = "2.0.2"

[[package]]
category = "dev"
description = "Atomic file writes."
name = "atomicwrites"
optional = false
python-versions = ">=2.7, !=3.0.*, !=3.1.*, !=3.2.*, !=3.3.*"
version = "1.3.0"

[[package]]
category = "dev"
description = "Classes Without Boilerplate"
name = "attrs"
optional = false
python-versions = ">=2.7, !=3.0.*, !=3.1.*, !=3.2.*, !=3.3.*"
version = "19.3.0"

[[package]]
category = "dev"
description = "Screen-scraping library"
name = "beautifulsoup4"
optional = false
python-versions = "*"
version = "4.8.1"

[package.dependencies]
soupsieve = ">=1.2"

[[package]]
category = "dev"
description = "Cross-platform colored terminal text."
marker = "sys_platform == \"win32\""
name = "colorama"
optional = false
python-versions = ">=2.7, !=3.0.*, !=3.1.*, !=3.2.*, !=3.3.*, !=3.4.*"
version = "0.4.3"

[[package]]
category = "dev"
description = "Discover and load entry points from installed packages."
name = "entrypoints"
optional = false
python-versions = ">=2.7"
version = "0.3"

[[package]]
category = "dev"
description = "the modular source code checker: pep8, pyflakes and co"
name = "flake8"
optional = false
python-versions = ">=2.7, !=3.0.*, !=3.1.*, !=3.2.*, !=3.3.*"
version = "3.7.9"

[package.dependencies]
entrypoints = ">=0.3.0,<0.4.0"
mccabe = ">=0.6.0,<0.7.0"
pycodestyle = ">=2.5.0,<2.6.0"
pyflakes = ">=2.1.0,<2.2.0"

[[package]]
category = "main"
description = "Integrated process monitor for developing and reloading daemons."
name = "hupper"
optional = false
python-versions = ">=2.7,!=3.0.*,!=3.1.*,!=3.2.*,!=3.3.*"
version = "1.9.1"

[[package]]
category = "dev"
description = "Read metadata from Python packages"
marker = "python_version < \"3.8\""
name = "importlib-metadata"
optional = false
python-versions = "!=3.0.*,!=3.1.*,!=3.2.*,!=3.3.*,!=3.4.*,>=2.7"
version = "1.3.0"

[package.dependencies]
zipp = ">=0.5"

[[package]]
category = "main"
description = "A lightweight library for converting complex datatypes to and from native Python datatypes."
name = "marshmallow"
optional = false
python-versions = ">=3.5"
version = "3.3.0"

[[package]]
category = "dev"
description = "McCabe checker, plugin for flake8"
name = "mccabe"
optional = false
python-versions = "*"
version = "0.6.1"

[[package]]
category = "dev"
description = "More routines for operating on iterables, beyond itertools"
name = "more-itertools"
optional = false
python-versions = ">=3.5"
version = "8.0.2"

[[package]]
category = "main"
description = "Load, configure, and compose WSGI applications and servers"
name = "pastedeploy"
optional = false
python-versions = "*"
version = "2.0.1"

[[package]]
category = "dev"
description = "Object-oriented filesystem paths"
marker = "python_version < \"3.6\""
name = "pathlib2"
optional = false
python-versions = "*"
version = "2.3.5"

[package.dependencies]
six = "*"

[[package]]
category = "main"
description = "A loader interface around multiple config file formats."
name = "plaster"
optional = false
python-versions = ">=2.7,!=3.0.*,!=3.1.*,!=3.2.*,!=3.3.*"
version = "1.0"

[package.dependencies]
setuptools = "*"

[[package]]
category = "main"
description = "A loader implementing the PasteDeploy syntax to be used by plaster."
name = "plaster-pastedeploy"
optional = false
python-versions = ">=2.7,!=3.0.*,!=3.1.*,!=3.2.*,!=3.3.*"
version = "0.7"

[package.dependencies]
PasteDeploy = ">=2.0"
plaster = ">=0.5"

[[package]]
category = "dev"
description = "plugin and hook calling mechanisms for python"
name = "pluggy"
optional = false
python-versions = ">=2.7, !=3.0.*, !=3.1.*, !=3.2.*, !=3.3.*"
version = "0.13.1"

[package.dependencies]
[package.dependencies.importlib-metadata]
python = "<3.8"
version = ">=0.12"

[[package]]
category = "dev"
description = "library with cross-python path, ini-parsing, io, code, log facilities"
name = "py"
optional = false
python-versions = ">=2.7, !=3.0.*, !=3.1.*, !=3.2.*, !=3.3.*"
version = "1.8.0"

[[package]]
category = "dev"
description = "Python style guide checker"
name = "pycodestyle"
optional = false
python-versions = ">=2.7, !=3.0.*, !=3.1.*, !=3.2.*, !=3.3.*"
version = "2.5.0"

[[package]]
category = "dev"
description = "passive checker of Python programs"
name = "pyflakes"
optional = false
python-versions = ">=2.7, !=3.0.*, !=3.1.*, !=3.2.*, !=3.3.*"
version = "2.1.1"

[[package]]
category = "main"
description = "The Pyramid Web Framework, a Pylons project"
name = "pyramid"
optional = false
python-versions = ">=2.7,!=3.0.*,!=3.1.*,!=3.2.*,!=3.3.*"
version = "1.10.4"

[package.dependencies]
hupper = ">=1.5"
plaster = "*"
plaster-pastedeploy = "*"
setuptools = "*"
translationstring = ">=0.4"
venusian = ">=1.0"
webob = ">=1.8.3"
"zope.deprecation" = ">=3.5.0"
"zope.interface" = ">=3.8.0"

[[package]]
category = "dev"
description = "pytest: simple powerful testing with Python"
name = "pytest"
optional = false
python-versions = ">=2.7, !=3.0.*, !=3.1.*, !=3.2.*, !=3.3.*"
version = "3.10.1"

[package.dependencies]
atomicwrites = ">=1.0"
attrs = ">=17.4.0"
colorama = "*"
more-itertools = ">=4.0.0"
pluggy = ">=0.7"
py = ">=1.5.0"
setuptools = "*"
six = ">=1.10.0"

[package.dependencies.pathlib2]
python = "<3.6"
version = ">=2.2.0"

[[package]]
category = "main"
description = "YAML parser and emitter for Python"
name = "pyyaml"
optional = true
python-versions = ">=2.7, !=3.0.*, !=3.1.*, !=3.2.*, !=3.3.*"
version = "5.2"

[[package]]
category = "dev"
description = "Python 2 and 3 compatibility utilities"
name = "six"
optional = false
python-versions = ">=2.6, !=3.0.*, !=3.1.*"
version = "1.13.0"

[[package]]
category = "dev"
description = "A modern CSS selector implementation for Beautiful Soup."
name = "soupsieve"
optional = false
python-versions = "*"
version = "1.9.5"

[[package]]
category = "main"
description = "Utility library for i18n relied on by various Repoze and Pyramid packages"
name = "translationstring"
optional = false
python-versions = "*"
version = "1.3"

[[package]]
category = "main"
description = "A library for deferring decorator actions"
name = "venusian"
optional = false
python-versions = ">=3.5"
version = "3.0.0"

[[package]]
category = "dev"
description = "Waitress WSGI server"
name = "waitress"
optional = false
python-versions = "*"
version = "1.3.1"

[[package]]
category = "main"
description = "WSGI request and response object"
name = "webob"
optional = false
python-versions = ">=2.7,!=3.0.*,!=3.1.*,!=3.2.*"
version = "1.8.5"

[[package]]
category = "dev"
description = "Helper to test WSGI applications"
name = "webtest"
optional = false
python-versions = "*"
version = "2.0.33"

[package.dependencies]
WebOb = ">=1.2"
beautifulsoup4 = "*"
six = "*"
waitress = ">=0.8.5"

[[package]]
category = "dev"
description = "Backport of pathlib-compatible object wrapper for zip files"
marker = "python_version < \"3.8\""
name = "zipp"
optional = false
python-versions = ">=2.7"
version = "0.6.0"

[package.dependencies]
more-itertools = "*"

[[package]]
category = "main"
description = "Zope Deprecation Infrastructure"
name = "zope.deprecation"
optional = false
python-versions = "*"
version = "4.4.0"

[package.dependencies]
setuptools = "*"

[[package]]
category = "main"
description = "Interfaces for Python"
name = "zope.interface"
optional = false
python-versions = ">=2.7, !=3.0.*, !=3.1.*, !=3.2.*, !=3.3.*, !=3.4.*"
version = "4.7.1"

[package.dependencies]
setuptools = "*"

[extras]
openapi = ["apispec", "PyYAML"]

[metadata]
content-hash = "f0b46af0b099b45e6cf4d37a193825557ce11f8205c33cd665b1a41562da16df"
python-versions = "^3.5"

[metadata.hashes]
apispec = ["11d1aaf620a80f67ded7688fcaf14fa4fd975d566876b5db69b067ffbfe4d1d9", "2f4734203e53f6ae6499d1f2168d19e62f04f071d6e4b86c6d6014ebf2ebdf6b"]
atomicwrites = ["03472c30eb2c5d1ba9227e4c2ca66ab8287fbfbbda3888aa93dc2e28fc6811b4", "75a9445bac02d8d058d5e1fe689654ba5a6556a1dfd8ce6ec55a0ed79866cfa6"]
attrs = ["08a96c641c3a74e44eb59afb61a24f2cb9f4d7188748e76ba4bb5edfa3cb7d1c", "f7b7ce16570fe9965acd6d30101a28f62fb4a7f9e926b3bbc9b61f8b04247e72"]
beautifulsoup4 = ["5279c36b4b2ec2cb4298d723791467e3000e5384a43ea0cdf5d45207c7e97169", "6135db2ba678168c07950f9a16c4031822c6f4aec75a65e0a97bc5ca09789931", "dcdef580e18a76d54002088602eba453eec38ebbcafafeaabd8cab12b6155d57"]
colorama = ["7d73d2a99753107a36ac6b455ee49046802e59d9d076ef8e47b61499fa29afff", "e96da0d330793e2cb9485e9ddfd918d456036c7149416295932478192f4436a1"]
entrypoints = ["589f874b313739ad35be6e0cd7efde2a4e9b6fea91edcc34e58ecbb8dbe56d19", "c70dd71abe5a8c85e55e12c19bd91ccfeec11a6e99044204511f9ed547d48451"]
flake8 = ["45681a117ecc81e870cbf1262835ae4af5e7a8b08e40b944a8a6e6b895914cfb", "49356e766643ad15072a789a20915d3c91dc89fd313ccd71802303fd67e4deca"]
hupper = ["3b1c2222ec7b8159e7ad059e4493c6cc634c86184af0bf2ce5aba6edd241cf5f", "5ab839f9428dd2d993092193ad0032f968eae007873916794c3856131b2df112"]
importlib-metadata = ["073a852570f92da5f744a3472af1b61e28e9f78ccf0c9117658dc32b15de7b45", "d95141fbfa7ef2ec65cfd945e2af7e5a6ddbd7c8d9a25e66ff3be8e3daf9f60f"]
marshmallow = ["0ba81b6da4ae69eb229b74b3c741ff13fe04fb899824377b1aff5aaa1a9fd46e", "3e53dd9e9358977a3929e45cdbe4a671f9eff53a7d6a23f33ed3eab8c1890d8f"]
mccabe = ["ab8a6258860da4b6677da4bd2fe5dc2c659cff31b3ee4f7f5d64e79735b80d42", "dd8d182285a0fe56bace7f45b5e7d1a6ebcbf524e8f3bd87eb0f125271b8831f"]
more-itertools = ["b84b238cce0d9adad5ed87e745778d20a3f8487d0f0cb8b8a586816c7496458d", "c833ef592a0324bcc6a60e48440da07645063c453880c9477ceb22490aec1564"]
pastedeploy = ["d423fb9d51fdcf853aa4ff43ac7ec469b643ea19590f67488122d6d0d772350a", "fe53697ec2754703096b75d0ba29112b0590b4ce46726fe4f9408fd006e4eefc"]
pathlib2 = ["0ec8205a157c80d7acc301c0b18fbd5d44fe655968f5d947b6ecef5290fc35db", "6cd9a47b597b37cc57de1c05e56fb1a1c9cc9fab04fe78c29acd090418529868"]
plaster = ["215c921a438b5349931fd7df9a5a11a3572947f20f4bc6dd622ac08f1c3ba249", "8351c7c7efdf33084c1de88dd0f422cbe7342534537b553c49b857b12d98c8c3"]
plaster-pastedeploy = ["391d93a4e1ff81fc3bae27508ebb765b61f1724ae6169f83577f06b6357be7fd", "7c8aa37c917b615c70bf942b24dc1e0455c49f62f1a2214b1a0dd98871644bbb"]
pluggy = ["15b2acde666561e1298d71b523007ed7364de07029219b604cf808bfa1c765b0", "966c145cd83c96502c3c3868f50408687b38434af77734af1e9ca461a4081d2d"]
py = ["64f65755aee5b381cea27766a3a147c3f15b9b6b9ac88676de66ba2ae36793fa", "dc639b046a6e2cff5bbe40194ad65936d6ba360b52b3c3fe1d08a82dd50b5e53"]
pycodestyle = ["95a2219d12372f05704562a14ec30bc76b05a5b297b21a5dfe3f6fac3491ae56", "e40a936c9a450ad81df37f549d676d127b1b66000a6c500caa2b085bc0ca976c"]
pyflakes = ["17dbeb2e3f4d772725c777fabc446d5634d1038f234e77343108ce445ea69ce0", "d976835886f8c5b31d47970ed689944a0262b5f3afa00a5a7b4dc81e5449f8a2"]
pyramid = ["51bf64647345237c00d2fe558935e0e4938c156e29f17e203457fd8e1d757dc7", "d80ccb8cfa550139b50801591d4ca8a5575334adb493c402fce2312f55d07d66"]
pytest = ["3f193df1cfe1d1609d4c583838bea3d532b18d6160fd3f55c9447fdca30848ec", "e246cf173c01169b9617fc07264b7b1316e78d7a650055235d6d897bc80d9660"]
pyyaml = ["0e7f69397d53155e55d10ff68fdfb2cf630a35e6daf65cf0bdeaf04f127c09dc", "2e9f0b7c5914367b0916c3c104a024bb68f269a486b9d04a2e8ac6f6597b7803", "35ace9b4147848cafac3db142795ee42deebe9d0dad885ce643928e88daebdcc", "38a4f0d114101c58c0f3a88aeaa44d63efd588845c5a2df5290b73db8f246d15", "483eb6a33b671408c8529106df3707270bfacb2447bf8ad856a4b4f57f6e3075", "4b6be5edb9f6bb73680f5bf4ee08ff25416d1400fbd4535fe0069b2994da07cd", "7f38e35c00e160db592091751d385cd7b3046d6d51f578b29943225178257b31", "8100c896ecb361794d8bfdb9c11fce618c7cf83d624d73d5ab38aef3bc82d43f", "c0ee8eca2c582d29c3c2ec6e2c4f703d1b7f1fb10bc72317355a746057e7346c", "e4c015484ff0ff197564917b4b4246ca03f411b9bd7f16e02a2f586eb48b6d04", "ebc4ed52dcc93eeebeae5cf5deb2ae4347b3a81c3fa12b0b8c976544829396a4"]
six = ["1f1b7d42e254082a9db6279deae68afb421ceba6158efa6131de7b3003ee93fd", "30f610279e8b2578cab6db20741130331735c781b56053c59c4076da27f06b66"]
soupsieve = ["bdb0d917b03a1369ce964056fc195cfdff8819c40de04695a80bc813c3cfa1f5", "e2c1c5dee4a1c36bcb790e0fabd5492d874b8ebd4617622c4f6a731701060dda"]
translationstring = ["4ee44cfa58c52ade8910ea0ebc3d2d84bdcad9fa0422405b1801ec9b9a65b72d", "e26c7bf383413234ed442e0980a2ebe192b95e3745288a8fd2805156d27515b4"]
venusian = ["06e7385786ad3a15c70740b2af8d30dfb063a946a851dcb4159f9e2a2302578f", "f6842b7242b1039c0c28f6feef29016e7e7dd3caaeb476a193acf737db31ee38"]
waitress = ["278e09d6849acc1365404bbf7d790d0423b159802e850c726e8cd0a126a2dac7", "f103e557725b17ae3c62f9e6005cdd85103f8b68fa86cf7c764ba7adc38ca5a2"]
webob = ["05aaab7975e0ee8af2026325d656e5ce14a71f1883c52276181821d6d5bf7086", "36db8203c67023d68c1b00208a7bf55e3b10de2aa317555740add29c619de12b"]
webtest = ["41348efe4323a647a239c31cde84e5e440d726ca4f449859264e538d39037fd0", "f3a603b8f1dd873b9710cd5a7dd0889cf758d7e1c133b1dae971c04f567e566e"]
zipp = ["3718b1cbcd963c7d4c5511a8240812904164b7f381b647143a89d3b98f9bcd8e", "f06903e9f1f43b12d371004b4ac7b06ab39a44adc747266928ae6debfa7b3335"]
"zope.deprecation" = ["0d453338f04bacf91bbfba545d8bcdf529aa829e67b705eac8c1a7fdce66e2df", "f1480b74995958b24ce37b0ef04d3663d2683e5d6debc96726eff18acf4ea113"]
"zope.interface" = ["048b16ac882a05bc7ef534e8b9f15c9d7a6c190e24e8938a19b7617af4ed854a", "05816cf8e7407cf62f2ec95c0a5d69ec4fa5741d9ccd10db9f21691916a9a098", "065d6a1ac89d35445168813bed45048ed4e67a4cdfc5a68fdb626a770378869f", "14157421f4121a57625002cc4f48ac7521ea238d697c4a4459a884b62132b977", "18dc895945694f397a0be86be760ff664b790f95d8e7752d5bab80284ff9105d", "1962c9f838bd6ae4075d0014f72697510daefc7e1c7e48b2607df0b6e157989c", "1a67408cacd198c7e6274a19920bb4568d56459e659e23c4915528686ac1763a", "21bf781076dd616bd07cf0223f79d61ab4f45176076f90bc2890e18c48195da4", "21c0a5d98650aebb84efa16ce2c8df1a46bdc4fe8a9e33237d0ca0b23f416ead", "23cfeea25d1e42ff3bf4f9a0c31e9d5950aa9e7c4b12f0c4bd086f378f7b7a71", "24b6fce1fb71abf9f4093e3259084efcc0ef479f89356757780685bd2b06ef37", "24f84ce24eb6b5fcdcb38ad9761524f1ae96f7126abb5e597f8a3973d9921409", "25e0ef4a824017809d6d8b0ce4ab3288594ba283e4d4f94d8cfb81d73ed65114", "2e8fdd625e9aba31228e7ddbc36bad5c38dc3ee99a86aa420f89a290bd987ce9", "2f3bc2f49b67b1bea82b942d25bc958d4f4ea6709b411cb2b6b9718adf7914ce", "35d24be9d04d50da3a6f4d61de028c1dd087045385a0ff374d93ef85af61b584", "35dbe4e8c73003dff40dfaeb15902910a4360699375e7b47d3c909a83ff27cd0", "3dfce831b824ab5cf446ed0c350b793ac6fa5fe33b984305cb4c966a86a8fb79", "3f7866365df5a36a7b8de8056cd1c605648f56f9a226d918ed84c85d25e8d55f", "455cc8c01de3bac6f9c223967cea41f4449f58b4c2e724ec8177382ddd183ab4", "4bb937e998be9d5e345f486693e477ba79e4344674484001a0b646be1d530487", "52303a20902ca0888dfb83230ca3ee6fbe63c0ad1dd60aa0bba7958ccff454d8", "6e0a897d4e09859cc80c6a16a29697406ead752292ace17f1805126a4f63c838", "6e1816e7c10966330d77af45f77501f9a68818c065dec0ad11d22b50a0e212e7", "73b5921c5c6ce3358c836461b5470bf675601c96d5e5d8f2a446951470614f67", "8093cd45cdb5f6c8591cfd1af03d32b32965b0f79b94684cd0c9afdf841982bb", "864b4a94b60db301899cf373579fd9ef92edddbf0fb2cd5ae99f53ef423ccc56", "8a27b4d3ea9c6d086ce8e7cdb3e8d319b6752e2a03238a388ccc83ccbe165f50", "91b847969d4784abd855165a2d163f72ac1e58e6dce09a5e46c20e58f19cc96d", "b47b1028be4758c3167e474884ccc079b94835f058984b15c145966c4df64d27", "b68814a322835d8ad671b7acc23a3b2acecba527bb14f4b53fc925f8a27e44d8", "bcb50a032c3b6ec7fb281b3a83d2b31ab5246c5b119588725b1350d3a1d9f6a3", "c56db7d10b25ce8918b6aec6b08ac401842b47e6c136773bfb3b590753f7fb67", "c94b77a13d4f47883e4f97f9fa00f5feadd38af3e6b3c7be45cfdb0a14c7149b", "db381f6fdaef483ad435f778086ccc4890120aff8df2ba5cfeeac24d280b3145", "e6487d01c8b7ed86af30ea141fcc4f93f8a7dde26f94177c1ad637c353bd5c07", "e86923fa728dfba39c5bb6046a450bd4eec8ad949ac404eca728cfce320d1732", "f6ca36dc1e9eeb46d779869c60001b3065fb670b5775c51421c099ea2a77c3c9", "fb62f2cbe790a50d95593fb40e8cca261c31a2f5637455ea39440d6457c2ba25"]
